
Microsoft Visual Studio Solution File, Format Version 11.00
# Visual Studio 2010
Project("{FAE04EC0-301F-11D3-BF4B-00C04F79EFBC}") = "Memento", "Memento\Memento.csproj", "{435B0C3E-6764-46B6-8D4B-6BF08AA08DF7}"
EndProject
Project("{54435603-DBB4-11D2-8724-00A0C9A8B90C}") = "MementoSetup", "MementoSetup\MementoSetup.vdproj", "{659B2E0D-14A9-46A7-BE5B-9A5C90929A02}"
EndProject
Global
	GlobalSection(SubversionScc) = preSolution
		Svn-Managed = True
		Manager = AnkhSVN - Subversion Support for Visual Studio
	EndGlobalSection
	GlobalSection(SolutionConfigurationPlatforms) = preSolution
		Debug|Any CPU = Debug|Any CPU
		Debug|Mixed Platforms = Debug|Mixed Platforms
		Debug|x86 = Debug|x86
		Release|Any CPU = Release|Any CPU
		Release|Mixed Platforms = Release|Mixed Platforms
		Release|x86 = Release|x86
	EndGlobalSection
	GlobalSection(ProjectConfigurationPlatforms) = postSolution
		{435B0C3E-6764-46B6-8D4B-6BF08AA08DF7}.Debug|Any CPU.ActiveCfg = Debug|x86
		{435B0C3E-6764-46B6-8D4B-6BF08AA08DF7}.Debug|Mixed Platforms.ActiveCfg = Debug|x86
		{435B0C3E-6764-46B6-8D4B-6BF08AA08DF7}.Debug|Mixed Platforms.Build.0 = Debug|x86
		{435B0C3E-6764-46B6-8D4B-6BF08AA08DF7}.Debug|x86.ActiveCfg = Debug|x86
		{435B0C3E-6764-46B6-8D4B-6BF08AA08DF7}.Debug|x86.Build.0 = Debug|x86
		{435B0C3E-6764-46B6-8D4B-6BF08AA08DF7}.Release|Any CPU.ActiveCfg = Release|x86
		{435B0C3E-6764-46B6-8D4B-6BF08AA08DF7}.Release|Mixed Platforms.ActiveCfg = Release|x86
		{435B0C3E-6764-46B6-8D4B-6BF08AA08DF7}.Release|Mixed Platforms.Build.0 = Release|x86
		{435B0C3E-6764-46B6-8D4B-6BF08AA08DF7}.Release|x86.ActiveCfg = Release|x86
		{435B0C3E-6764-46B6-8D4B-6BF08AA08DF7}.Release|x86.Build.0 = Release|x86
		{659B2E0D-14A9-46A7-BE5B-9A5C90929A02}.Debug|Any CPU.ActiveCfg = Debug
		{659B2E0D-14A9-46A7-BE5B-9A5C90929A02}.Debug|Any CPU.Build.0 = Debug
		{659B2E0D-14A9-46A7-BE5B-9A5C90929A02}.Debug|Mixed Platforms.ActiveCfg = Debug
		{659B2E0D-14A9-46A7-BE5B-9A5C90929A02}.Debug|Mixed Platforms.Build.0 = Debug
		{659B2E0D-14A9-46A7-BE5B-9A5C90929A02}.Debug|x86.ActiveCfg = Debug
		{659B2E0D-14A9-46A7-BE5B-9A5C90929A02}.Release|Any CPU.ActiveCfg = Release
		{659B2E0D-14A9-46A7-BE5B-9A5C90929A02}.Release|Any CPU.Build.0 = Release
		{659B2E0D-14A9-46A7-BE5B-9A5C90929A02}.Release|Mixed Platforms.ActiveCfg = Release
		{659B2E0D-14A9-46A7-BE5B-9A5C90929A02}.Release|Mixed Platforms.Build.0 = Release
		{659B2E0D-14A9-46A7-BE5B-9A5C90929A02}.Release|x86.ActiveCfg = Release
	EndGlobalSection
	GlobalSection(SolutionProperties) = preSolution
		HideSolutionNode = FALSE
	EndGlobalSection
EndGlobal
